
Microsoft Visual Studio Solution File, Format Version 12.00
# Visual Studio Version 16
VisualStudioVersion = 16.0.30330.147
MinimumVisualStudioVersion = 10.0.40219.1
Project("{FAE04EC0-301F-11D3-BF4B-00C04F79EFBC}") = "EQC", "EQC.csproj", "{2D20BBC6-C43F-4234-9087-73197E406068}"
EndProject
Global
	GlobalSection(SolutionConfigurationPlatforms) = preSolution
		Debug|Any CPU = Debug|Any CPU
		Release|Any CPU = Release|Any CPU
	EndGlobalSection
	GlobalSection(ProjectConfigurationPlatforms) = postSolution
		{2D20BBC6-C43F-4234-9087-73197E406068}.Debug|Any CPU.ActiveCfg = Debug|Any CPU
		{2D20BBC6-C43F-4234-9087-73197E406068}.Debug|Any CPU.Build.0 = Debug|Any CPU
		{2D20BBC6-C43F-4234-9087-73197E406068}.Release|Any CPU.ActiveCfg = Release|Any CPU
		{2D20BBC6-C43F-4234-9087-73197E406068}.Release|Any CPU.Build.0 = Release|Any CPU
	EndGlobalSection
	GlobalSection(SolutionProperties) = preSolution
		HideSolutionNode = FALSE
	EndGlobalSection
	GlobalSection(ExtensibilityGlobals) = postSolution
		SolutionGuid = {D64AF239-B5F9-48F4-A774-0BC4C3B4A2F8}
	EndGlobalSection
EndGlobal
